
Microsoft Visual Studio Solution File, Format Version 12.00
# Visual Studio Version 17
VisualStudioVersion = 17.11.35312.102
MinimumVisualStudioVersion = 10.0.40219.1
Project("{FAE04EC0-301F-11D3-BF4B-00C04F79EFBC}") = "BookProject", "BookProject\BookProject.csproj", "{F86CE753-25E2-4C31-BE18-5E850FAD2DC0}"
EndProject
Global
	GlobalSection(SolutionConfigurationPlatforms) = preSolution
		Debug|Any CPU = Debug|Any CPU
		Release|Any CPU = Release|Any CPU
	EndGlobalSection
	GlobalSection(ProjectConfigurationPlatforms) = postSolution
		{F86CE753-25E2-4C31-BE18-5E850FAD2DC0}.Debug|Any CPU.ActiveCfg = Debug|Any CPU
		{F86CE753-25E2-4C31-BE18-5E850FAD2DC0}.Debug|Any CPU.Build.0 = Debug|Any CPU
		{F86CE753-25E2-4C31-BE18-5E850FAD2DC0}.Release|Any CPU.ActiveCfg = Release|Any CPU
		{F86CE753-25E2-4C31-BE18-5E850FAD2DC0}.Release|Any CPU.Build.0 = Release|Any CPU
	EndGlobalSection
	GlobalSection(SolutionProperties) = preSolution
		HideSolutionNode = FALSE
	EndGlobalSection
	GlobalSection(ExtensibilityGlobals) = postSolution
		SolutionGuid = {55A2B799-0934-4EF8-8B9F-53A8C5194A6A}
	EndGlobalSection
EndGlobal
